// !$*UTF8*$!
{
	archiveVersion = 1;
	classes = {
	};
	objectVersion = 56;
	objects = {

/* Begin PBXBuildFile section */
		24EFE9B32CB547AE007A813C /* MovieRepository.swift in Sources */ = {isa = PBXBuildFile; fileRef = 24EFE9B22CB547AE007A813C /* MovieRepository.swift */; };
		24EFE9B52CB54D01007A813C /* RealmMovie.swift in Sources */ = {isa = PBXBuildFile; fileRef = 24EFE9B42CB54D01007A813C /* RealmMovie.swift */; };
		24EFE9B72CB55518007A813C /* ImageFileManager.swift in Sources */ = {isa = PBXBuildFile; fileRef = 24EFE9B62CB55518007A813C /* ImageFileManager.swift */; };
		8832DA5C2CB5159900BAC95A /* AppDelegate.swift in Sources */ = {isa = PBXBuildFile; fileRef = 8832DA5B2CB5159900BAC95A /* AppDelegate.swift */; };
		8832DA5E2CB5159900BAC95A /* SceneDelegate.swift in Sources */ = {isa = PBXBuildFile; fileRef = 8832DA5D2CB5159900BAC95A /* SceneDelegate.swift */; };
		8832DA602CB5159900BAC95A /* ViewController.swift in Sources */ = {isa = PBXBuildFile; fileRef = 8832DA5F2CB5159900BAC95A /* ViewController.swift */; };
		8832DA652CB5159A00BAC95A /* Assets.xcassets in Resources */ = {isa = PBXBuildFile; fileRef = 8832DA642CB5159A00BAC95A /* Assets.xcassets */; };
		8832DA682CB5159A00BAC95A /* Base in Resources */ = {isa = PBXBuildFile; fileRef = 8832DA672CB5159A00BAC95A /* Base */; };
		8832DA702CB5169300BAC95A /* .gitignore in Resources */ = {isa = PBXBuildFile; fileRef = 8832DA6F2CB5169300BAC95A /* .gitignore */; };
		8832DA762CB5192D00BAC95A /* Alamofire in Frameworks */ = {isa = PBXBuildFile; productRef = 8832DA752CB5192D00BAC95A /* Alamofire */; };
		8832DA792CB5193A00BAC95A /* SnapKit in Frameworks */ = {isa = PBXBuildFile; productRef = 8832DA782CB5193A00BAC95A /* SnapKit */; };
		8832DA7C2CB5194F00BAC95A /* Then in Frameworks */ = {isa = PBXBuildFile; productRef = 8832DA7B2CB5194F00BAC95A /* Then */; };
		8832DA7F2CB5197000BAC95A /* RealmSwift in Frameworks */ = {isa = PBXBuildFile; productRef = 8832DA7E2CB5197000BAC95A /* RealmSwift */; };
		8832DA822CB5199200BAC95A /* RxCocoa in Frameworks */ = {isa = PBXBuildFile; productRef = 8832DA812CB5199200BAC95A /* RxCocoa */; };
		8832DA842CB5199200BAC95A /* RxSwift in Frameworks */ = {isa = PBXBuildFile; productRef = 8832DA832CB5199200BAC95A /* RxSwift */; };
		8832DAA82CB5272500BAC95A /* .gitkeep in Resources */ = {isa = PBXBuildFile; fileRef = 8832DAA72CB5272500BAC95A /* .gitkeep */; };
/* End PBXBuildFile section */

/* Begin PBXFileReference section */
		24EFE9B22CB547AE007A813C /* MovieRepository.swift */ = {isa = PBXFileReference; lastKnownFileType = sourcecode.swift; path = MovieRepository.swift; sourceTree = "<group>"; };
		24EFE9B42CB54D01007A813C /* RealmMovie.swift */ = {isa = PBXFileReference; lastKnownFileType = sourcecode.swift; path = RealmMovie.swift; sourceTree = "<group>"; };
		24EFE9B62CB55518007A813C /* ImageFileManager.swift */ = {isa = PBXFileReference; lastKnownFileType = sourcecode.swift; path = ImageFileManager.swift; sourceTree = "<group>"; };
		8832DA582CB5159900BAC95A /* Popcorn.app */ = {isa = PBXFileReference; explicitFileType = wrapper.application; includeInIndex = 0; path = Popcorn.app; sourceTree = BUILT_PRODUCTS_DIR; };
		8832DA5B2CB5159900BAC95A /* AppDelegate.swift */ = {isa = PBXFileReference; lastKnownFileType = sourcecode.swift; path = AppDelegate.swift; sourceTree = "<group>"; };
		8832DA5D2CB5159900BAC95A /* SceneDelegate.swift */ = {isa = PBXFileReference; lastKnownFileType = sourcecode.swift; path = SceneDelegate.swift; sourceTree = "<group>"; };
		8832DA5F2CB5159900BAC95A /* ViewController.swift */ = {isa = PBXFileReference; lastKnownFileType = sourcecode.swift; path = ViewController.swift; sourceTree = "<group>"; };
		8832DA642CB5159A00BAC95A /* Assets.xcassets */ = {isa = PBXFileReference; lastKnownFileType = folder.assetcatalog; path = Assets.xcassets; sourceTree = "<group>"; };
		8832DA672CB5159A00BAC95A /* Base */ = {isa = PBXFileReference; lastKnownFileType = file.storyboard; name = Base; path = Base.lproj/LaunchScreen.storyboard; sourceTree = "<group>"; };
		8832DA692CB5159A00BAC95A /* Info.plist */ = {isa = PBXFileReference; lastKnownFileType = text.plist.xml; path = Info.plist; sourceTree = "<group>"; };
		8832DA6F2CB5169300BAC95A /* .gitignore */ = {isa = PBXFileReference; lastKnownFileType = text; path = .gitignore; sourceTree = "<group>"; };
		8832DA952CB5268800BAC95A /* .gitkeep */ = {isa = PBXFileReference; lastKnownFileType = text; path = .gitkeep; sourceTree = "<group>"; };
		8832DA972CB526A600BAC95A /* .gitkeep */ = {isa = PBXFileReference; lastKnownFileType = text; path = .gitkeep; sourceTree = "<group>"; };
		8832DA992CB526AE00BAC95A /* .gitkeep */ = {isa = PBXFileReference; lastKnownFileType = text; path = .gitkeep; sourceTree = "<group>"; };
		8832DA9D2CB526D200BAC95A /* .gitkeep */ = {isa = PBXFileReference; lastKnownFileType = text; path = .gitkeep; sourceTree = "<group>"; };
		8832DA9F2CB526F300BAC95A /* .gitkeep */ = {isa = PBXFileReference; lastKnownFileType = text; path = .gitkeep; sourceTree = "<group>"; };
		8832DAA12CB5270D00BAC95A /* .gitkeep */ = {isa = PBXFileReference; lastKnownFileType = text; path = .gitkeep; sourceTree = "<group>"; };
		8832DAA32CB5271500BAC95A /* .gitkeep */ = {isa = PBXFileReference; lastKnownFileType = text; path = .gitkeep; sourceTree = "<group>"; };
		8832DAA52CB5271E00BAC95A /* .gitkeep */ = {isa = PBXFileReference; lastKnownFileType = text; path = .gitkeep; sourceTree = "<group>"; };
		8832DAA72CB5272500BAC95A /* .gitkeep */ = {isa = PBXFileReference; lastKnownFileType = text; path = .gitkeep; sourceTree = "<group>"; };
/* End PBXFileReference section */

/* Begin PBXFrameworksBuildPhase section */
		8832DA552CB5159900BAC95A /* Frameworks */ = {
			isa = PBXFrameworksBuildPhase;
			buildActionMask = 2147483647;
			files = (
				8832DA842CB5199200BAC95A /* RxSwift in Frameworks */,
				8832DA7F2CB5197000BAC95A /* RealmSwift in Frameworks */,
				8832DA762CB5192D00BAC95A /* Alamofire in Frameworks */,
				8832DA822CB5199200BAC95A /* RxCocoa in Frameworks */,
				8832DA7C2CB5194F00BAC95A /* Then in Frameworks */,
				8832DA792CB5193A00BAC95A /* SnapKit in Frameworks */,
			);
			runOnlyForDeploymentPostprocessing = 0;
		};
/* End PBXFrameworksBuildPhase section */

/* Begin PBXGroup section */
		8832DA4F2CB5159900BAC95A = {
			isa = PBXGroup;
			children = (
				8832DA6F2CB5169300BAC95A /* .gitignore */,
				8832DA5A2CB5159900BAC95A /* Popcorn */,
				8832DA592CB5159900BAC95A /* Products */,
			);
			sourceTree = "<group>";
		};
		8832DA592CB5159900BAC95A /* Products */ = {
			isa = PBXGroup;
			children = (
				8832DA582CB5159900BAC95A /* Popcorn.app */,
			);
			name = Products;
			sourceTree = "<group>";
		};
		8832DA5A2CB5159900BAC95A /* Popcorn */ = {
			isa = PBXGroup;
			children = (
				8832DA862CB51A2F00BAC95A /* Source */,
				8832DA852CB51A0A00BAC95A /* Resource */,
				8832DA692CB5159A00BAC95A /* Info.plist */,
			);
			path = Popcorn;
			sourceTree = "<group>";
		};
		8832DA852CB51A0A00BAC95A /* Resource */ = {
			isa = PBXGroup;
			children = (
				8832DA642CB5159A00BAC95A /* Assets.xcassets */,
				8832DA662CB5159A00BAC95A /* LaunchScreen.storyboard */,
				8832DA8D2CB51CB000BAC95A /* App */,
				8832DA882CB51ACE00BAC95A /* Design */,
			);
			path = Resource;
			sourceTree = "<group>";
		};
		8832DA862CB51A2F00BAC95A /* Source */ = {
			isa = PBXGroup;
			children = (
				8832DA942CB51ED700BAC95A /* Extension */,
				8832DA932CB51EC500BAC95A /* Base */,
				8832DA922CB51E7900BAC95A /* CustomView */,
				8832DA902CB51E3C00BAC95A /* Database */,
				8832DA8F2CB51E0A00BAC95A /* Network */,
				8832DA872CB51A9300BAC95A /* Presentation */,
			);
			path = Source;
			sourceTree = "<group>";
		};
		8832DA872CB51A9300BAC95A /* Presentation */ = {
			isa = PBXGroup;
			children = (
				8832DA5F2CB5159900BAC95A /* ViewController.swift */,
				8832DA8C2CB51B2600BAC95A /* Detail */,
				8832DA8B2CB51B1C00BAC95A /* Favorite */,
				8832DA8A2CB51B1700BAC95A /* Search */,
				8832DA892CB51B1200BAC95A /* Trending */,
			);
			path = Presentation;
			sourceTree = "<group>";
		};
		8832DA882CB51ACE00BAC95A /* Design */ = {
			isa = PBXGroup;
			children = (
				8832DA9F2CB526F300BAC95A /* .gitkeep */,
			);
			path = Design;
			sourceTree = "<group>";
		};
		8832DA892CB51B1200BAC95A /* Trending */ = {
			isa = PBXGroup;
			children = (
				8832DAA72CB5272500BAC95A /* .gitkeep */,
			);
			path = Trending;
			sourceTree = "<group>";
		};
		8832DA8A2CB51B1700BAC95A /* Search */ = {
			isa = PBXGroup;
			children = (
				8832DAA52CB5271E00BAC95A /* .gitkeep */,
			);
			path = Search;
			sourceTree = "<group>";
		};
		8832DA8B2CB51B1C00BAC95A /* Favorite */ = {
			isa = PBXGroup;
			children = (
				8832DAA32CB5271500BAC95A /* .gitkeep */,
			);
			path = Favorite;
			sourceTree = "<group>";
		};
		8832DA8C2CB51B2600BAC95A /* Detail */ = {
			isa = PBXGroup;
			children = (
				8832DAA12CB5270D00BAC95A /* .gitkeep */,
			);
			path = Detail;
			sourceTree = "<group>";
		};
		8832DA8D2CB51CB000BAC95A /* App */ = {
			isa = PBXGroup;
			children = (
				8832DA5B2CB5159900BAC95A /* AppDelegate.swift */,
				8832DA5D2CB5159900BAC95A /* SceneDelegate.swift */,
			);
			path = App;
			sourceTree = "<group>";
		};
		8832DA8E2CB51DFD00BAC95A /* Model */ = {
			isa = PBXGroup;
			children = (
				8832DA9D2CB526D200BAC95A /* .gitkeep */,
			);
			path = Model;
			sourceTree = "<group>";
		};
		8832DA8F2CB51E0A00BAC95A /* Network */ = {
			isa = PBXGroup;
			children = (
				8832DA8E2CB51DFD00BAC95A /* Model */,
			);
			path = Network;
			sourceTree = "<group>";
		};
		8832DA902CB51E3C00BAC95A /* Database */ = {
			isa = PBXGroup;
			children = (
				24EFE9B62CB55518007A813C /* ImageFileManager.swift */,
				24EFE9B22CB547AE007A813C /* MovieRepository.swift */,
				8832DA912CB51E4000BAC95A /* Model */,
			);
			path = Database;
			sourceTree = "<group>";
		};
		8832DA912CB51E4000BAC95A /* Model */ = {
			isa = PBXGroup;
			children = (
				24EFE9B42CB54D01007A813C /* RealmMovie.swift */,
			);
			path = Model;
			sourceTree = "<group>";
		};
		8832DA922CB51E7900BAC95A /* CustomView */ = {
			isa = PBXGroup;
			children = (
				8832DA992CB526AE00BAC95A /* .gitkeep */,
			);
			path = CustomView;
			sourceTree = "<group>";
		};
		8832DA932CB51EC500BAC95A /* Base */ = {
			isa = PBXGroup;
			children = (
				8832DA972CB526A600BAC95A /* .gitkeep */,
			);
			path = Base;
			sourceTree = "<group>";
		};
		8832DA942CB51ED700BAC95A /* Extension */ = {
			isa = PBXGroup;
			children = (
				8832DA952CB5268800BAC95A /* .gitkeep */,
			);
			path = Extension;
			sourceTree = "<group>";
		};
/* End PBXGroup section */

/* Begin PBXNativeTarget section */
		8832DA572CB5159900BAC95A /* Popcorn */ = {
			isa = PBXNativeTarget;
			buildConfigurationList = 8832DA6C2CB5159A00BAC95A /* Build configuration list for PBXNativeTarget "Popcorn" */;
			buildPhases = (
				8832DA542CB5159900BAC95A /* Sources */,
				8832DA552CB5159900BAC95A /* Frameworks */,
				8832DA562CB5159900BAC95A /* Resources */,
			);
			buildRules = (
			);
			dependencies = (
				8832DA732CB5187900BAC95A /* PBXTargetDependency */,
			);
			name = Popcorn;
			packageProductDependencies = (
				8832DA752CB5192D00BAC95A /* Alamofire */,
				8832DA782CB5193A00BAC95A /* SnapKit */,
				8832DA7B2CB5194F00BAC95A /* Then */,
				8832DA7E2CB5197000BAC95A /* RealmSwift */,
				8832DA812CB5199200BAC95A /* RxCocoa */,
				8832DA832CB5199200BAC95A /* RxSwift */,
			);
			productName = Popcorn;
			productReference = 8832DA582CB5159900BAC95A /* Popcorn.app */;
			productType = "com.apple.product-type.application";
		};
/* End PBXNativeTarget section */

/* Begin PBXProject section */
		8832DA502CB5159900BAC95A /* Project object */ = {
			isa = PBXProject;
			attributes = {
				BuildIndependentTargetsInParallel = 1;
				LastSwiftUpdateCheck = 1540;
				LastUpgradeCheck = 1540;
				TargetAttributes = {
					8832DA572CB5159900BAC95A = {
						CreatedOnToolsVersion = 15.4;
					};
				};
			};
			buildConfigurationList = 8832DA532CB5159900BAC95A /* Build configuration list for PBXProject "Popcorn" */;
			compatibilityVersion = "Xcode 14.0";
			developmentRegion = en;
			hasScannedForEncodings = 0;
			knownRegions = (
				en,
				Base,
			);
			mainGroup = 8832DA4F2CB5159900BAC95A;
			packageReferences = (
				8832DA712CB5186500BAC95A /* XCRemoteSwiftPackageReference "SwiftLint" */,
				8832DA742CB5192D00BAC95A /* XCRemoteSwiftPackageReference "Alamofire" */,
				8832DA772CB5193A00BAC95A /* XCRemoteSwiftPackageReference "SnapKit" */,
				8832DA7A2CB5194F00BAC95A /* XCRemoteSwiftPackageReference "Then" */,
				8832DA7D2CB5197000BAC95A /* XCRemoteSwiftPackageReference "realm-swift" */,
				8832DA802CB5199200BAC95A /* XCRemoteSwiftPackageReference "RxSwift" */,
			);
			productRefGroup = 8832DA592CB5159900BAC95A /* Products */;
			projectDirPath = "";
			projectRoot = "";
			targets = (
				8832DA572CB5159900BAC95A /* Popcorn */,
			);
		};
/* End PBXProject section */

/* Begin PBXResourcesBuildPhase section */
		8832DA562CB5159900BAC95A /* Resources */ = {
			isa = PBXResourcesBuildPhase;
			buildActionMask = 2147483647;
			files = (
				8832DA652CB5159A00BAC95A /* Assets.xcassets in Resources */,
				8832DA702CB5169300BAC95A /* .gitignore in Resources */,
				8832DA682CB5159A00BAC95A /* Base in Resources */,
				8832DAA82CB5272500BAC95A /* .gitkeep in Resources */,
			);
			runOnlyForDeploymentPostprocessing = 0;
		};
/* End PBXResourcesBuildPhase section */

/* Begin PBXSourcesBuildPhase section */
		8832DA542CB5159900BAC95A /* Sources */ = {
			isa = PBXSourcesBuildPhase;
			buildActionMask = 2147483647;
			files = (
				24EFE9B52CB54D01007A813C /* RealmMovie.swift in Sources */,
				24EFE9B72CB55518007A813C /* ImageFileManager.swift in Sources */,
				8832DA602CB5159900BAC95A /* ViewController.swift in Sources */,
				24EFE9B32CB547AE007A813C /* MovieRepository.swift in Sources */,
				8832DA5C2CB5159900BAC95A /* AppDelegate.swift in Sources */,
				8832DA5E2CB5159900BAC95A /* SceneDelegate.swift in Sources */,
			);
			runOnlyForDeploymentPostprocessing = 0;
		};
/* End PBXSourcesBuildPhase section */

/* Begin PBXTargetDependency section */
		8832DA732CB5187900BAC95A /* PBXTargetDependency */ = {
			isa = PBXTargetDependency;
			productRef = 8832DA722CB5187900BAC95A /* SwiftLintBuildToolPlugin */;
		};
/* End PBXTargetDependency section */

/* Begin PBXVariantGroup section */
		8832DA662CB5159A00BAC95A /* LaunchScreen.storyboard */ = {
			isa = PBXVariantGroup;
			children = (
				8832DA672CB5159A00BAC95A /* Base */,
			);
			name = LaunchScreen.storyboard;
			sourceTree = "<group>";
		};
/* End PBXVariantGroup section */

/* Begin XCBuildConfiguration section */
		8832DA6A2CB5159A00BAC95A /* Debug */ = {
			isa = XCBuildConfiguration;
			buildSettings = {
				ALWAYS_SEARCH_USER_PATHS = NO;
				ASSETCATALOG_COMPILER_GENERATE_SWIFT_ASSET_SYMBOL_EXTENSIONS = YES;
				CLANG_ANALYZER_NONNULL = YES;
				CLANG_ANALYZER_NUMBER_OBJECT_CONVERSION = YES_AGGRESSIVE;
				CLANG_CXX_LANGUAGE_STANDARD = "gnu++20";
				CLANG_ENABLE_MODULES = YES;
				CLANG_ENABLE_OBJC_ARC = YES;
				CLANG_ENABLE_OBJC_WEAK = YES;
				CLANG_WARN_BLOCK_CAPTURE_AUTORELEASING = YES;
				CLANG_WARN_BOOL_CONVERSION = YES;
				CLANG_WARN_COMMA = YES;
				CLANG_WARN_CONSTANT_CONVERSION = YES;
				CLANG_WARN_DEPRECATED_OBJC_IMPLEMENTATIONS = YES;
				CLANG_WARN_DIRECT_OBJC_ISA_USAGE = YES_ERROR;
				CLANG_WARN_DOCUMENTATION_COMMENTS = YES;
				CLANG_WARN_EMPTY_BODY = YES;
				CLANG_WARN_ENUM_CONVERSION = YES;
				CLANG_WARN_INFINITE_RECURSION = YES;
				CLANG_WARN_INT_CONVERSION = YES;
				CLANG_WARN_NON_LITERAL_NULL_CONVERSION = YES;
				CLANG_WARN_OBJC_IMPLICIT_RETAIN_SELF = YES;
				CLANG_WARN_OBJC_LITERAL_CONVERSION = YES;
				CLANG_WARN_OBJC_ROOT_CLASS = YES_ERROR;
				CLANG_WARN_QUOTED_INCLUDE_IN_FRAMEWORK_HEADER = YES;
				CLANG_WARN_RANGE_LOOP_ANALYSIS = YES;
				CLANG_WARN_STRICT_PROTOTYPES = YES;
				CLANG_WARN_SUSPICIOUS_MOVE = YES;
				CLANG_WARN_UNGUARDED_AVAILABILITY = YES_AGGRESSIVE;
				CLANG_WARN_UNREACHABLE_CODE = YES;
				CLANG_WARN__DUPLICATE_METHOD_MATCH = YES;
				COPY_PHASE_STRIP = NO;
				DEBUG_INFORMATION_FORMAT = dwarf;
				ENABLE_STRICT_OBJC_MSGSEND = YES;
				ENABLE_TESTABILITY = YES;
				ENABLE_USER_SCRIPT_SANDBOXING = YES;
				GCC_C_LANGUAGE_STANDARD = gnu17;
				GCC_DYNAMIC_NO_PIC = NO;
				GCC_NO_COMMON_BLOCKS = YES;
				GCC_OPTIMIZATION_LEVEL = 0;
				GCC_PREPROCESSOR_DEFINITIONS = (
					"DEBUG=1",
					"$(inherited)",
				);
				GCC_WARN_64_TO_32_BIT_CONVERSION = YES;
				GCC_WARN_ABOUT_RETURN_TYPE = YES_ERROR;
				GCC_WARN_UNDECLARED_SELECTOR = YES;
				GCC_WARN_UNINITIALIZED_AUTOS = YES_AGGRESSIVE;
				GCC_WARN_UNUSED_FUNCTION = YES;
				GCC_WARN_UNUSED_VARIABLE = YES;
				IPHONEOS_DEPLOYMENT_TARGET = 17.5;
				LOCALIZATION_PREFERS_STRING_CATALOGS = YES;
				MTL_ENABLE_DEBUG_INFO = INCLUDE_SOURCE;
				MTL_FAST_MATH = YES;
				ONLY_ACTIVE_ARCH = YES;
				SDKROOT = iphoneos;
				SWIFT_ACTIVE_COMPILATION_CONDITIONS = "DEBUG $(inherited)";
				SWIFT_OPTIMIZATION_LEVEL = "-Onone";
			};
			name = Debug;
		};
		8832DA6B2CB5159A00BAC95A /* Release */ = {
			isa = XCBuildConfiguration;
			buildSettings = {
				ALWAYS_SEARCH_USER_PATHS = NO;
				ASSETCATALOG_COMPILER_GENERATE_SWIFT_ASSET_SYMBOL_EXTENSIONS = YES;
				CLANG_ANALYZER_NONNULL = YES;
				CLANG_ANALYZER_NUMBER_OBJECT_CONVERSION = YES_AGGRESSIVE;
				CLANG_CXX_LANGUAGE_STANDARD = "gnu++20";
				CLANG_ENABLE_MODULES = YES;
				CLANG_ENABLE_OBJC_ARC = YES;
				CLANG_ENABLE_OBJC_WEAK = YES;
				CLANG_WARN_BLOCK_CAPTURE_AUTORELEASING = YES;
				CLANG_WARN_BOOL_CONVERSION = YES;
				CLANG_WARN_COMMA = YES;
				CLANG_WARN_CONSTANT_CONVERSION = YES;
				CLANG_WARN_DEPRECATED_OBJC_IMPLEMENTATIONS = YES;
				CLANG_WARN_DIRECT_OBJC_ISA_USAGE = YES_ERROR;
				CLANG_WARN_DOCUMENTATION_COMMENTS = YES;
				CLANG_WARN_EMPTY_BODY = YES;
				CLANG_WARN_ENUM_CONVERSION = YES;
				CLANG_WARN_INFINITE_RECURSION = YES;
				CLANG_WARN_INT_CONVERSION = YES;
				CLANG_WARN_NON_LITERAL_NULL_CONVERSION = YES;
				CLANG_WARN_OBJC_IMPLICIT_RETAIN_SELF = YES;
				CLANG_WARN_OBJC_LITERAL_CONVERSION = YES;
				CLANG_WARN_OBJC_ROOT_CLASS = YES_ERROR;
				CLANG_WARN_QUOTED_INCLUDE_IN_FRAMEWORK_HEADER = YES;
				CLANG_WARN_RANGE_LOOP_ANALYSIS = YES;
				CLANG_WARN_STRICT_PROTOTYPES = YES;
				CLANG_WARN_SUSPICIOUS_MOVE = YES;
				CLANG_WARN_UNGUARDED_AVAILABILITY = YES_AGGRESSIVE;
				CLANG_WARN_UNREACHABLE_CODE = YES;
				CLANG_WARN__DUPLICATE_METHOD_MATCH = YES;
				COPY_PHASE_STRIP = NO;
				DEBUG_INFORMATION_FORMAT = "dwarf-with-dsym";
				ENABLE_NS_ASSERTIONS = NO;
				ENABLE_STRICT_OBJC_MSGSEND = YES;
				ENABLE_USER_SCRIPT_SANDBOXING = YES;
				GCC_C_LANGUAGE_STANDARD = gnu17;
				GCC_NO_COMMON_BLOCKS = YES;
				GCC_WARN_64_TO_32_BIT_CONVERSION = YES;
				GCC_WARN_ABOUT_RETURN_TYPE = YES_ERROR;
				GCC_WARN_UNDECLARED_SELECTOR = YES;
				GCC_WARN_UNINITIALIZED_AUTOS = YES_AGGRESSIVE;
				GCC_WARN_UNUSED_FUNCTION = YES;
				GCC_WARN_UNUSED_VARIABLE = YES;
				IPHONEOS_DEPLOYMENT_TARGET = 17.5;
				LOCALIZATION_PREFERS_STRING_CATALOGS = YES;
				MTL_ENABLE_DEBUG_INFO = NO;
				MTL_FAST_MATH = YES;
				SDKROOT = iphoneos;
				SWIFT_COMPILATION_MODE = wholemodule;
				VALIDATE_PRODUCT = YES;
			};
			name = Release;
		};
		8832DA6D2CB5159A00BAC95A /* Debug */ = {
			isa = XCBuildConfiguration;
			buildSettings = {
				ASSETCATALOG_COMPILER_APPICON_NAME = AppIcon;
				ASSETCATALOG_COMPILER_GLOBAL_ACCENT_COLOR_NAME = AccentColor;
				CODE_SIGN_STYLE = Automatic;
				CURRENT_PROJECT_VERSION = 1;
				GENERATE_INFOPLIST_FILE = YES;
				INFOPLIST_FILE = Popcorn/Info.plist;
				INFOPLIST_KEY_UIApplicationSupportsIndirectInputEvents = YES;
				INFOPLIST_KEY_UILaunchStoryboardName = LaunchScreen;
				INFOPLIST_KEY_UISupportedInterfaceOrientations_iPad = UIInterfaceOrientationPortrait;
				INFOPLIST_KEY_UISupportedInterfaceOrientations_iPhone = UIInterfaceOrientationPortrait;
				IPHONEOS_DEPLOYMENT_TARGET = 15.0;
				LD_RUNPATH_SEARCH_PATHS = (
					"$(inherited)",
					"@executable_path/Frameworks",
				);
				MARKETING_VERSION = 1.0;
				PRODUCT_BUNDLE_IDENTIFIER = com.jm.Popcorn;
				PRODUCT_NAME = "$(TARGET_NAME)";
				SUPPORTED_PLATFORMS = "iphoneos iphonesimulator";
				SUPPORTS_MACCATALYST = NO;
				SUPPORTS_MAC_DESIGNED_FOR_IPHONE_IPAD = NO;
				SUPPORTS_XR_DESIGNED_FOR_IPHONE_IPAD = NO;
				SWIFT_EMIT_LOC_STRINGS = YES;
				SWIFT_VERSION = 5.0;
				TARGETED_DEVICE_FAMILY = 1;
			};
			name = Debug;
		};
		8832DA6E2CB5159A00BAC95A /* Release */ = {
			isa = XCBuildConfiguration;
			buildSettings = {
				ASSETCATALOG_COMPILER_APPICON_NAME = AppIcon;
				ASSETCATALOG_COMPILER_GLOBAL_ACCENT_COLOR_NAME = AccentColor;
				CODE_SIGN_STYLE = Automatic;
				CURRENT_PROJECT_VERSION = 1;
				GENERATE_INFOPLIST_FILE = YES;
				INFOPLIST_FILE = Popcorn/Info.plist;
				INFOPLIST_KEY_UIApplicationSupportsIndirectInputEvents = YES;
				INFOPLIST_KEY_UILaunchStoryboardName = LaunchScreen;
				INFOPLIST_KEY_UISupportedInterfaceOrientations_iPad = UIInterfaceOrientationPortrait;
				INFOPLIST_KEY_UISupportedInterfaceOrientations_iPhone = UIInterfaceOrientationPortrait;
				IPHONEOS_DEPLOYMENT_TARGET = 15.0;
				LD_RUNPATH_SEARCH_PATHS = (
					"$(inherited)",
					"@executable_path/Frameworks",
				);
				MARKETING_VERSION = 1.0;
				PRODUCT_BUNDLE_IDENTIFIER = com.jm.Popcorn;
				PRODUCT_NAME = "$(TARGET_NAME)";
				SUPPORTED_PLATFORMS = "iphoneos iphonesimulator";
				SUPPORTS_MACCATALYST = NO;
				SUPPORTS_MAC_DESIGNED_FOR_IPHONE_IPAD = NO;
				SUPPORTS_XR_DESIGNED_FOR_IPHONE_IPAD = NO;
				SWIFT_EMIT_LOC_STRINGS = YES;
				SWIFT_VERSION = 5.0;
				TARGETED_DEVICE_FAMILY = 1;
			};
			name = Release;
		};
/* End XCBuildConfiguration section */

/* Begin XCConfigurationList section */
		8832DA532CB5159900BAC95A /* Build configuration list for PBXProject "Popcorn" */ = {
			isa = XCConfigurationList;
			buildConfigurations = (
				8832DA6A2CB5159A00BAC95A /* Debug */,
				8832DA6B2CB5159A00BAC95A /* Release */,
			);
			defaultConfigurationIsVisible = 0;
			defaultConfigurationName = Release;
		};
		8832DA6C2CB5159A00BAC95A /* Build configuration list for PBXNativeTarget "Popcorn" */ = {
			isa = XCConfigurationList;
			buildConfigurations = (
				8832DA6D2CB5159A00BAC95A /* Debug */,
				8832DA6E2CB5159A00BAC95A /* Release */,
			);
			defaultConfigurationIsVisible = 0;
			defaultConfigurationName = Release;
		};
/* End XCConfigurationList section */

/* Begin XCRemoteSwiftPackageReference section */
		8832DA712CB5186500BAC95A /* XCRemoteSwiftPackageReference "SwiftLint" */ = {
			isa = XCRemoteSwiftPackageReference;
			repositoryURL = "https://github.com/realm/SwiftLint.git";
			requirement = {
				kind = upToNextMajorVersion;
				minimumVersion = 0.57.0;
			};
		};
		8832DA742CB5192D00BAC95A /* XCRemoteSwiftPackageReference "Alamofire" */ = {
			isa = XCRemoteSwiftPackageReference;
			repositoryURL = "https://github.com/Alamofire/Alamofire.git";
			requirement = {
				kind = upToNextMajorVersion;
				minimumVersion = 5.9.1;
			};
		};
		8832DA772CB5193A00BAC95A /* XCRemoteSwiftPackageReference "SnapKit" */ = {
			isa = XCRemoteSwiftPackageReference;
			repositoryURL = "https://github.com/SnapKit/SnapKit.git";
			requirement = {
				kind = upToNextMajorVersion;
				minimumVersion = 5.7.1;
			};
		};
		8832DA7A2CB5194F00BAC95A /* XCRemoteSwiftPackageReference "Then" */ = {
			isa = XCRemoteSwiftPackageReference;
			repositoryURL = "https://github.com/devxoul/Then.git";
			requirement = {
				kind = upToNextMajorVersion;
				minimumVersion = 3.0.0;
			};
		};
		8832DA7D2CB5197000BAC95A /* XCRemoteSwiftPackageReference "realm-swift" */ = {
			isa = XCRemoteSwiftPackageReference;
			repositoryURL = "https://github.com/realm/realm-swift.git";
			requirement = {
				kind = exactVersion;
				version = 10.54.0;
			};
		};
		8832DA802CB5199200BAC95A /* XCRemoteSwiftPackageReference "RxSwift" */ = {
			isa = XCRemoteSwiftPackageReference;
			repositoryURL = "https://github.com/ReactiveX/RxSwift.git";
			requirement = {
				kind = upToNextMajorVersion;
				minimumVersion = 6.8.0;
			};
		};
/* End XCRemoteSwiftPackageReference section */

/* Begin XCSwiftPackageProductDependency section */
		8832DA722CB5187900BAC95A /* SwiftLintBuildToolPlugin */ = {
			isa = XCSwiftPackageProductDependency;
			package = 8832DA712CB5186500BAC95A /* XCRemoteSwiftPackageReference "SwiftLint" */;
			productName = "plugin:SwiftLintBuildToolPlugin";
		};
		8832DA752CB5192D00BAC95A /* Alamofire */ = {
			isa = XCSwiftPackageProductDependency;
			package = 8832DA742CB5192D00BAC95A /* XCRemoteSwiftPackageReference "Alamofire" */;
			productName = Alamofire;
		};
		8832DA782CB5193A00BAC95A /* SnapKit */ = {
			isa = XCSwiftPackageProductDependency;
			package = 8832DA772CB5193A00BAC95A /* XCRemoteSwiftPackageReference "SnapKit" */;
			productName = SnapKit;
		};
		8832DA7B2CB5194F00BAC95A /* Then */ = {
			isa = XCSwiftPackageProductDependency;
			package = 8832DA7A2CB5194F00BAC95A /* XCRemoteSwiftPackageReference "Then" */;
			productName = Then;
		};
		8832DA7E2CB5197000BAC95A /* RealmSwift */ = {
			isa = XCSwiftPackageProductDependency;
			package = 8832DA7D2CB5197000BAC95A /* XCRemoteSwiftPackageReference "realm-swift" */;
			productName = RealmSwift;
		};
		8832DA812CB5199200BAC95A /* RxCocoa */ = {
			isa = XCSwiftPackageProductDependency;
			package = 8832DA802CB5199200BAC95A /* XCRemoteSwiftPackageReference "RxSwift" */;
			productName = RxCocoa;
		};
		8832DA832CB5199200BAC95A /* RxSwift */ = {
			isa = XCSwiftPackageProductDependency;
			package = 8832DA802CB5199200BAC95A /* XCRemoteSwiftPackageReference "RxSwift" */;
			productName = RxSwift;
		};
/* End XCSwiftPackageProductDependency section */
	};
	rootObject = 8832DA502CB5159900BAC95A /* Project object */;
}
